{
  "version": 4,
  "terraform_version": "1.10.2",
  "serial": 6,
  "lineage": "b9eebcae-4349-20b7-a725-37da9e0f4ce4",
  "outputs": {},
  "resources": [
    {
      "mode": "managed",
      "type": "google_firestore_database",
      "name": "database",
      "provider": "provider[\"registry.terraform.io/hashicorp/google\"]",
      "instances": [
        {
          "schema_version": 0,
          "attributes": {
            "app_engine_integration_mode": "DISABLED",
            "cmek_config": [],
            "concurrency_mode": "PESSIMISTIC",
            "create_time": "",
            "delete_protection_state": "DELETE_PROTECTION_DISABLED",
            "deletion_policy": "ABANDON",
            "earliest_version_time": "2024-12-12T17:15:17.001166Z",
            "etag": "IPCd9OLdoooDMM6vvN3doooD",
            "id": "projects/gcp-training-playground-405915/databases/partnerworld",
            "key_prefix": "",
            "location_id": "europe-west3",
            "name": "partnerworld",
            "point_in_time_recovery_enablement": "POINT_IN_TIME_RECOVERY_DISABLED",
            "project": "gcp-training-playground-405915",
            "timeouts": null,
            "type": "DATASTORE_MODE",
            "uid": "ede9ff21-3ee6-4192-b781-3b798a20e6e4",
            "update_time": "",
            "version_retention_period": "3600s"
          },
          "sensitive_attributes": [],
          "private": "eyJlMmJmYjczMC1lY2FhLTExZTYtOGY4OC0zNDM2M2JjN2M0YzAiOnsiY3JlYXRlIjoxMjAwMDAwMDAwMDAwLCJkZWxldGUiOjEyMDAwMDAwMDAwMDAsInVwZGF0ZSI6MTIwMDAwMDAwMDAwMH19"
        }
      ]
    }
  ],
  "check_results": null
}
